// !$*UTF8*$!
{
	archiveVersion = 1;
	classes = {
	};
	objectVersion = 46;
	objects = {

/* Begin PBXBuildFile section */
		7F0CE9201AB1E4020005DC8D /* ThirdViewController.swift in Sources */ = {isa = PBXBuildFile; fileRef = 7F0CE91F1AB1E4020005DC8D /* ThirdViewController.swift */; };
		7F0CE9221AB1E84B0005DC8D /* FourthViewController.swift in Sources */ = {isa = PBXBuildFile; fileRef = 7F0CE9211AB1E84B0005DC8D /* FourthViewController.swift */; };
		7F5AC32F1AB7324F0035E9AD /* Theme.swift in Sources */ = {isa = PBXBuildFile; fileRef = 7F5AC32E1AB7324F0035E9AD /* Theme.swift */; };
		7F78D0191AAB9C8C0048D7F0 /* AppDelegate.swift in Sources */ = {isa = PBXBuildFile; fileRef = 7F78D0181AAB9C8C0048D7F0 /* AppDelegate.swift */; };
		7F78D01B1AAB9C8C0048D7F0 /* FirstViewController.swift in Sources */ = {isa = PBXBuildFile; fileRef = 7F78D01A1AAB9C8C0048D7F0 /* FirstViewController.swift */; };
		7F78D01D1AAB9C8C0048D7F0 /* SecondViewController.swift in Sources */ = {isa = PBXBuildFile; fileRef = 7F78D01C1AAB9C8C0048D7F0 /* SecondViewController.swift */; };
		7F78D0201AAB9C8C0048D7F0 /* Main.storyboard in Resources */ = {isa = PBXBuildFile; fileRef = 7F78D01E1AAB9C8C0048D7F0 /* Main.storyboard */; };
		7F78D0251AAB9C8C0048D7F0 /* LaunchScreen.xib in Resources */ = {isa = PBXBuildFile; fileRef = 7F78D0231AAB9C8C0048D7F0 /* LaunchScreen.xib */; };
		7F78D0311AAB9C8C0048D7F0 /* NePasMourirIdiotTests.swift in Sources */ = {isa = PBXBuildFile; fileRef = 7F78D0301AAB9C8C0048D7F0 /* NePasMourirIdiotTests.swift */; };
		7F8939611AC8112D00F5EB55 /* Images.xcassets in Resources */ = {isa = PBXBuildFile; fileRef = 7F8939601AC8112D00F5EB55 /* Images.xcassets */; };
/* End PBXBuildFile section */

/* Begin PBXContainerItemProxy section */
		7F78D02B1AAB9C8C0048D7F0 /* PBXContainerItemProxy */ = {
			isa = PBXContainerItemProxy;
			containerPortal = 7F78D00B1AAB9C8C0048D7F0 /* Project object */;
			proxyType = 1;
			remoteGlobalIDString = 7F78D0121AAB9C8C0048D7F0;
			remoteInfo = NePasMourirIdiot;
		};
/* End PBXContainerItemProxy section */

/* Begin PBXFileReference section */
		7F0CE91F1AB1E4020005DC8D /* ThirdViewController.swift */ = {isa = PBXFileReference; fileEncoding = 4; lastKnownFileType = sourcecode.swift; path = ThirdViewController.swift; sourceTree = "<group>"; };
		7F0CE9211AB1E84B0005DC8D /* FourthViewController.swift */ = {isa = PBXFileReference; fileEncoding = 4; lastKnownFileType = sourcecode.swift; path = FourthViewController.swift; sourceTree = "<group>"; };
		7F5AC32E1AB7324F0035E9AD /* Theme.swift */ = {isa = PBXFileReference; fileEncoding = 4; lastKnownFileType = sourcecode.swift; name = Theme.swift; path = ../Theme.swift; sourceTree = "<group>"; };
		7F78D0131AAB9C8C0048D7F0 /* NePasMourirIdiot.app */ = {isa = PBXFileReference; explicitFileType = wrapper.application; includeInIndex = 0; path = NePasMourirIdiot.app; sourceTree = BUILT_PRODUCTS_DIR; };
		7F78D0171AAB9C8C0048D7F0 /* Info.plist */ = {isa = PBXFileReference; lastKnownFileType = text.plist.xml; path = Info.plist; sourceTree = "<group>"; };
		7F78D0181AAB9C8C0048D7F0 /* AppDelegate.swift */ = {isa = PBXFileReference; lastKnownFileType = sourcecode.swift; path = AppDelegate.swift; sourceTree = "<group>"; };
		7F78D01A1AAB9C8C0048D7F0 /* FirstViewController.swift */ = {isa = PBXFileReference; lastKnownFileType = sourcecode.swift; path = FirstViewController.swift; sourceTree = "<group>"; };
		7F78D01C1AAB9C8C0048D7F0 /* SecondViewController.swift */ = {isa = PBXFileReference; lastKnownFileType = sourcecode.swift; path = SecondViewController.swift; sourceTree = "<group>"; };
		7F78D01F1AAB9C8C0048D7F0 /* Base */ = {isa = PBXFileReference; lastKnownFileType = file.storyboard; name = Base; path = Base.lproj/Main.storyboard; sourceTree = "<group>"; };
		7F78D0241AAB9C8C0048D7F0 /* Base */ = {isa = PBXFileReference; lastKnownFileType = file.xib; name = Base; path = Base.lproj/LaunchScreen.xib; sourceTree = "<group>"; };
		7F78D02A1AAB9C8C0048D7F0 /* NePasMourirIdiotTests.xctest */ = {isa = PBXFileReference; explicitFileType = wrapper.cfbundle; includeInIndex = 0; path = NePasMourirIdiotTests.xctest; sourceTree = BUILT_PRODUCTS_DIR; };
		7F78D02F1AAB9C8C0048D7F0 /* Info.plist */ = {isa = PBXFileReference; lastKnownFileType = text.plist.xml; path = Info.plist; sourceTree = "<group>"; };
		7F78D0301AAB9C8C0048D7F0 /* NePasMourirIdiotTests.swift */ = {isa = PBXFileReference; lastKnownFileType = sourcecode.swift; path = NePasMourirIdiotTests.swift; sourceTree = "<group>"; };
		7F8939601AC8112D00F5EB55 /* Images.xcassets */ = {isa = PBXFileReference; lastKnownFileType = folder.assetcatalog; path = Images.xcassets; sourceTree = "<group>"; };
/* End PBXFileReference section */

/* Begin PBXFrameworksBuildPhase section */
		7F78D0101AAB9C8C0048D7F0 /* Frameworks */ = {
			isa = PBXFrameworksBuildPhase;
			buildActionMask = 2147483647;
			files = (
			);
			runOnlyForDeploymentPostprocessing = 0;
		};
		7F78D0271AAB9C8C0048D7F0 /* Frameworks */ = {
			isa = PBXFrameworksBuildPhase;
			buildActionMask = 2147483647;
			files = (
			);
			runOnlyForDeploymentPostprocessing = 0;
		};
/* End PBXFrameworksBuildPhase section */

/* Begin PBXGroup section */
		7F78D00A1AAB9C8C0048D7F0 = {
			isa = PBXGroup;
			children = (
				7F78D0151AAB9C8C0048D7F0 /* NePasMourirIdiot */,
				7F78D02D1AAB9C8C0048D7F0 /* NePasMourirIdiotTests */,
				7F78D0141AAB9C8C0048D7F0 /* Products */,
			);
			sourceTree = "<group>";
		};
		7F78D0141AAB9C8C0048D7F0 /* Products */ = {
			isa = PBXGroup;
			children = (
				7F78D0131AAB9C8C0048D7F0 /* NePasMourirIdiot.app */,
				7F78D02A1AAB9C8C0048D7F0 /* NePasMourirIdiotTests.xctest */,
			);
			name = Products;
			sourceTree = "<group>";
		};
		7F78D0151AAB9C8C0048D7F0 /* NePasMourirIdiot */ = {
			isa = PBXGroup;
			children = (
				7F78D0181AAB9C8C0048D7F0 /* AppDelegate.swift */,
				7FD950931ABC840300D904A3 /* Modèles */,
				7FD950941ABC841200D904A3 /* Vues */,
				7FD950921ABC83F500D904A3 /* Contrôleurs */,
				7F78D0161AAB9C8C0048D7F0 /* Supporting Files */,
			);
			path = NePasMourirIdiot;
			sourceTree = "<group>";
		};
		7F78D0161AAB9C8C0048D7F0 /* Supporting Files */ = {
			isa = PBXGroup;
			children = (
				7F8939601AC8112D00F5EB55 /* Images.xcassets */,
				7F78D0171AAB9C8C0048D7F0 /* Info.plist */,
			);
			name = "Supporting Files";
			sourceTree = "<group>";
		};
		7F78D02D1AAB9C8C0048D7F0 /* NePasMourirIdiotTests */ = {
			isa = PBXGroup;
			children = (
				7F78D0301AAB9C8C0048D7F0 /* NePasMourirIdiotTests.swift */,
				7F78D02E1AAB9C8C0048D7F0 /* Supporting Files */,
			);
			path = NePasMourirIdiotTests;
			sourceTree = "<group>";
		};
		7F78D02E1AAB9C8C0048D7F0 /* Supporting Files */ = {
			isa = PBXGroup;
			children = (
				7F78D02F1AAB9C8C0048D7F0 /* Info.plist */,
			);
			name = "Supporting Files";
			sourceTree = "<group>";
		};
		7FD950921ABC83F500D904A3 /* Contrôleurs */ = {
			isa = PBXGroup;
			children = (
				7F78D01A1AAB9C8C0048D7F0 /* FirstViewController.swift */,
				7F78D01C1AAB9C8C0048D7F0 /* SecondViewController.swift */,
				7F0CE91F1AB1E4020005DC8D /* ThirdViewController.swift */,
				7F0CE9211AB1E84B0005DC8D /* FourthViewController.swift */,
			);
			name = "Contrôleurs";
			sourceTree = "<group>";
		};
		7FD950931ABC840300D904A3 /* Modèles */ = {
			isa = PBXGroup;
			children = (
				7F5AC32E1AB7324F0035E9AD /* Theme.swift */,
			);
			name = "Modèles";
			sourceTree = "<group>";
		};
		7FD950941ABC841200D904A3 /* Vues */ = {
			isa = PBXGroup;
			children = (
				7F78D01E1AAB9C8C0048D7F0 /* Main.storyboard */,
				7F78D0231AAB9C8C0048D7F0 /* LaunchScreen.xib */,
			);
			name = Vues;
			sourceTree = "<group>";
		};
/* End PBXGroup section */

/* Begin PBXNativeTarget section */
		7F78D0121AAB9C8C0048D7F0 /* NePasMourirIdiot */ = {
			isa = PBXNativeTarget;
			buildConfigurationList = 7F78D0341AAB9C8C0048D7F0 /* Build configuration list for PBXNativeTarget "NePasMourirIdiot" */;
			buildPhases = (
				7F78D00F1AAB9C8C0048D7F0 /* Sources */,
				7F78D0101AAB9C8C0048D7F0 /* Frameworks */,
				7F78D0111AAB9C8C0048D7F0 /* Resources */,
			);
			buildRules = (
			);
			dependencies = (
			);
			name = NePasMourirIdiot;
			productName = NePasMourirIdiot;
			productReference = 7F78D0131AAB9C8C0048D7F0 /* NePasMourirIdiot.app */;
			productType = "com.apple.product-type.application";
		};
		7F78D0291AAB9C8C0048D7F0 /* NePasMourirIdiotTests */ = {
			isa = PBXNativeTarget;
			buildConfigurationList = 7F78D0371AAB9C8C0048D7F0 /* Build configuration list for PBXNativeTarget "NePasMourirIdiotTests" */;
			buildPhases = (
				7F78D0261AAB9C8C0048D7F0 /* Sources */,
				7F78D0271AAB9C8C0048D7F0 /* Frameworks */,
				7F78D0281AAB9C8C0048D7F0 /* Resources */,
			);
			buildRules = (
			);
			dependencies = (
				7F78D02C1AAB9C8C0048D7F0 /* PBXTargetDependency */,
			);
			name = NePasMourirIdiotTests;
			productName = NePasMourirIdiotTests;
			productReference = 7F78D02A1AAB9C8C0048D7F0 /* NePasMourirIdiotTests.xctest */;
			productType = "com.apple.product-type.bundle.unit-test";
		};
/* End PBXNativeTarget section */

/* Begin PBXProject section */
		7F78D00B1AAB9C8C0048D7F0 /* Project object */ = {
			isa = PBXProject;
			attributes = {
				LastUpgradeCheck = 0610;
				ORGANIZATIONNAME = iAtelier;
				TargetAttributes = {
					7F78D0121AAB9C8C0048D7F0 = {
						CreatedOnToolsVersion = 6.1.1;
					};
					7F78D0291AAB9C8C0048D7F0 = {
						CreatedOnToolsVersion = 6.1.1;
						TestTargetID = 7F78D0121AAB9C8C0048D7F0;
					};
				};
			};
			buildConfigurationList = 7F78D00E1AAB9C8C0048D7F0 /* Build configuration list for PBXProject "NePasMourirIdiot" */;
			compatibilityVersion = "Xcode 3.2";
			developmentRegion = English;
			hasScannedForEncodings = 0;
			knownRegions = (
				en,
				Base,
			);
			mainGroup = 7F78D00A1AAB9C8C0048D7F0;
			productRefGroup = 7F78D0141AAB9C8C0048D7F0 /* Products */;
			projectDirPath = "";
			projectRoot = "";
			targets = (
				7F78D0121AAB9C8C0048D7F0 /* NePasMourirIdiot */,
				7F78D0291AAB9C8C0048D7F0 /* NePasMourirIdiotTests */,
			);
		};
/* End PBXProject section */

/* Begin PBXResourcesBuildPhase section */
		7F78D0111AAB9C8C0048D7F0 /* Resources */ = {
			isa = PBXResourcesBuildPhase;
			buildActionMask = 2147483647;
			files = (
				7F8939611AC8112D00F5EB55 /* Images.xcassets in Resources */,
				7F78D0201AAB9C8C0048D7F0 /* Main.storyboard in Resources */,
				7F78D0251AAB9C8C0048D7F0 /* LaunchScreen.xib in Resources */,
			);
			runOnlyForDeploymentPostprocessing = 0;
		};
		7F78D0281AAB9C8C0048D7F0 /* Resources */ = {
			isa = PBXResourcesBuildPhase;
			buildActionMask = 2147483647;
			files = (
			);
			runOnlyForDeploymentPostprocessing = 0;
		};
/* End PBXResourcesBuildPhase section */

/* Begin PBXSourcesBuildPhase section */
		7F78D00F1AAB9C8C0048D7F0 /* Sources */ = {
			isa = PBXSourcesBuildPhase;
			buildActionMask = 2147483647;
			files = (
				7F78D01D1AAB9C8C0048D7F0 /* SecondViewController.swift in Sources */,
				7F78D0191AAB9C8C0048D7F0 /* AppDelegate.swift in Sources */,
				7F0CE9201AB1E4020005DC8D /* ThirdViewController.swift in Sources */,
				7F5AC32F1AB7324F0035E9AD /* Theme.swift in Sources */,
				7F78D01B1AAB9C8C0048D7F0 /* FirstViewController.swift in Sources */,
				7F0CE9221AB1E84B0005DC8D /* FourthViewController.swift in Sources */,
			);
			runOnlyForDeploymentPostprocessing = 0;
		};
		7F78D0261AAB9C8C0048D7F0 /* Sources */ = {
			isa = PBXSourcesBuildPhase;
			buildActionMask = 2147483647;
			files = (
				7F78D0311AAB9C8C0048D7F0 /* NePasMourirIdiotTests.swift in Sources */,
			);
			runOnlyForDeploymentPostprocessing = 0;
		};
/* End PBXSourcesBuildPhase section */

/* Begin PBXTargetDependency section */
		7F78D02C1AAB9C8C0048D7F0 /* PBXTargetDependency */ = {
			isa = PBXTargetDependency;
			target = 7F78D0121AAB9C8C0048D7F0 /* NePasMourirIdiot */;
			targetProxy = 7F78D02B1AAB9C8C0048D7F0 /* PBXContainerItemProxy */;
		};
/* End PBXTargetDependency section */

/* Begin PBXVariantGroup section */
		7F78D01E1AAB9C8C0048D7F0 /* Main.storyboard */ = {
			isa = PBXVariantGroup;
			children = (
				7F78D01F1AAB9C8C0048D7F0 /* Base */,
			);
			name = Main.storyboard;
			sourceTree = "<group>";
		};
		7F78D0231AAB9C8C0048D7F0 /* LaunchScreen.xib */ = {
			isa = PBXVariantGroup;
			children = (
				7F78D0241AAB9C8C0048D7F0 /* Base */,
			);
			name = LaunchScreen.xib;
			sourceTree = "<group>";
		};
/* End PBXVariantGroup section */

/* Begin XCBuildConfiguration section */
		7F78D0321AAB9C8C0048D7F0 /* Debug */ = {
			isa = XCBuildConfiguration;
			buildSettings = {
				ALWAYS_SEARCH_USER_PATHS = NO;
				CLANG_CXX_LANGUAGE_STANDARD = "gnu++0x";
				CLANG_CXX_LIBRARY = "libc++";
				CLANG_ENABLE_MODULES = YES;
				CLANG_ENABLE_OBJC_ARC = YES;
				CLANG_WARN_BOOL_CONVERSION = YES;
				CLANG_WARN_CONSTANT_CONVERSION = YES;
				CLANG_WARN_DIRECT_OBJC_ISA_USAGE = YES_ERROR;
				CLANG_WARN_EMPTY_BODY = YES;
				CLANG_WARN_ENUM_CONVERSION = YES;
				CLANG_WARN_INT_CONVERSION = YES;
				CLANG_WARN_OBJC_ROOT_CLASS = YES_ERROR;
				CLANG_WARN_UNREACHABLE_CODE = YES;
				CLANG_WARN__DUPLICATE_METHOD_MATCH = YES;
				"CODE_SIGN_IDENTITY[sdk=iphoneos*]" = "iPhone Developer";
				COPY_PHASE_STRIP = NO;
				ENABLE_STRICT_OBJC_MSGSEND = YES;
				GCC_C_LANGUAGE_STANDARD = gnu99;
				GCC_DYNAMIC_NO_PIC = NO;
				GCC_OPTIMIZATION_LEVEL = 0;
				GCC_PREPROCESSOR_DEFINITIONS = (
					"DEBUG=1",
					"$(inherited)",
				);
				GCC_SYMBOLS_PRIVATE_EXTERN = NO;
				GCC_WARN_64_TO_32_BIT_CONVERSION = YES;
				GCC_WARN_ABOUT_RETURN_TYPE = YES_ERROR;
				GCC_WARN_UNDECLARED_SELECTOR = YES;
				GCC_WARN_UNINITIALIZED_AUTOS = YES_AGGRESSIVE;
				GCC_WARN_UNUSED_FUNCTION = YES;
				GCC_WARN_UNUSED_VARIABLE = YES;
				IPHONEOS_DEPLOYMENT_TARGET = 8.1;
				MTL_ENABLE_DEBUG_INFO = YES;
				ONLY_ACTIVE_ARCH = YES;
				SDKROOT = iphoneos;
				SWIFT_OPTIMIZATION_LEVEL = "-Onone";
				TARGETED_DEVICE_FAMILY = "1,2";
			};
			name = Debug;
		};
		7F78D0331AAB9C8C0048D7F0 /* Release */ = {
			isa = XCBuildConfiguration;
			buildSettings = {
				ALWAYS_SEARCH_USER_PATHS = NO;
				CLANG_CXX_LANGUAGE_STANDARD = "gnu++0x";
				CLANG_CXX_LIBRARY = "libc++";
				CLANG_ENABLE_MODULES = YES;
				CLANG_ENABLE_OBJC_ARC = YES;
				CLANG_WARN_BOOL_CONVERSION = YES;
				CLANG_WARN_CONSTANT_CONVERSION = YES;
				CLANG_WARN_DIRECT_OBJC_ISA_USAGE = YES_ERROR;
				CLANG_WARN_EMPTY_BODY = YES;
				CLANG_WARN_ENUM_CONVERSION = YES;
				CLANG_WARN_INT_CONVERSION = YES;
				CLANG_WARN_OBJC_ROOT_CLASS = YES_ERROR;
				CLANG_WARN_UNREACHABLE_CODE = YES;
				CLANG_WARN__DUPLICATE_METHOD_MATCH = YES;
				"CODE_SIGN_IDENTITY[sdk=iphoneos*]" = "iPhone Developer";
				COPY_PHASE_STRIP = YES;
				ENABLE_NS_ASSERTIONS = NO;
				ENABLE_STRICT_OBJC_MSGSEND = YES;
				GCC_C_LANGUAGE_STANDARD = gnu99;
				GCC_WARN_64_TO_32_BIT_CONVERSION = YES;
				GCC_WARN_ABOUT_RETURN_TYPE = YES_ERROR;
				GCC_WARN_UNDECLARED_SELECTOR = YES;
				GCC_WARN_UNINITIALIZED_AUTOS = YES_AGGRESSIVE;
				GCC_WARN_UNUSED_FUNCTION = YES;
				GCC_WARN_UNUSED_VARIABLE = YES;
				IPHONEOS_DEPLOYMENT_TARGET = 8.1;
				MTL_ENABLE_DEBUG_INFO = NO;
				SDKROOT = iphoneos;
				TARGETED_DEVICE_FAMILY = "1,2";
				VALIDATE_PRODUCT = YES;
			};
			name = Release;
		};
		7F78D0351AAB9C8C0048D7F0 /* Debug */ = {
			isa = XCBuildConfiguration;
			buildSettings = {
				ASSETCATALOG_COMPILER_APPICON_NAME = AppIcon;
				INFOPLIST_FILE = NePasMourirIdiot/Info.plist;
				LD_RUNPATH_SEARCH_PATHS = "$(inherited) @executable_path/Frameworks";
				PRODUCT_NAME = "$(TARGET_NAME)";
			};
			name = Debug;
		};
		7F78D0361AAB9C8C0048D7F0 /* Release */ = {
			isa = XCBuildConfiguration;
			buildSettings = {
				ASSETCATALOG_COMPILER_APPICON_NAME = AppIcon;
				INFOPLIST_FILE = NePasMourirIdiot/Info.plist;
				LD_RUNPATH_SEARCH_PATHS = "$(inherited) @executable_path/Frameworks";
				PRODUCT_NAME = "$(TARGET_NAME)";
			};
			name = Release;
		};
		7F78D0381AAB9C8C0048D7F0 /* Debug */ = {
			isa = XCBuildConfiguration;
			buildSettings = {
				BUNDLE_LOADER = "$(TEST_HOST)";
				FRAMEWORK_SEARCH_PATHS = (
					"$(SDKROOT)/Developer/Library/Frameworks",
					"$(inherited)",
				);
				GCC_PREPROCESSOR_DEFINITIONS = (
					"DEBUG=1",
					"$(inherited)",
				);
				INFOPLIST_FILE = NePasMourirIdiotTests/Info.plist;
				LD_RUNPATH_SEARCH_PATHS = "$(inherited) @executable_path/Frameworks @loader_path/Frameworks";
				PRODUCT_NAME = "$(TARGET_NAME)";
				TEST_HOST = "$(BUILT_PRODUCTS_DIR)/NePasMourirIdiot.app/NePasMourirIdiot";
			};
			name = Debug;
		};
		7F78D0391AAB9C8C0048D7F0 /* Release */ = {
			isa = XCBuildConfiguration;
			buildSettings = {
				BUNDLE_LOADER = "$(TEST_HOST)";
				FRAMEWORK_SEARCH_PATHS = (
					"$(SDKROOT)/Developer/Library/Frameworks",
					"$(inherited)",
				);
				INFOPLIST_FILE = NePasMourirIdiotTests/Info.plist;
				LD_RUNPATH_SEARCH_PATHS = "$(inherited) @executable_path/Frameworks @loader_path/Frameworks";
				PRODUCT_NAME = "$(TARGET_NAME)";
				TEST_HOST = "$(BUILT_PRODUCTS_DIR)/NePasMourirIdiot.app/NePasMourirIdiot";
			};
			name = Release;
		};
/* End XCBuildConfiguration section */

/* Begin XCConfigurationList section */
		7F78D00E1AAB9C8C0048D7F0 /* Build configuration list for PBXProject "NePasMourirIdiot" */ = {
			isa = XCConfigurationList;
			buildConfigurations = (
				7F78D0321AAB9C8C0048D7F0 /* Debug */,
				7F78D0331AAB9C8C0048D7F0 /* Release */,
			);
			defaultConfigurationIsVisible = 0;
			defaultConfigurationName = Release;
		};
		7F78D0341AAB9C8C0048D7F0 /* Build configuration list for PBXNativeTarget "NePasMourirIdiot" */ = {
			isa = XCConfigurationList;
			buildConfigurations = (
				7F78D0351AAB9C8C0048D7F0 /* Debug */,
				7F78D0361AAB9C8C0048D7F0 /* Release */,
			);
			defaultConfigurationIsVisible = 0;
			defaultConfigurationName = Release;
		};
		7F78D0371AAB9C8C0048D7F0 /* Build configuration list for PBXNativeTarget "NePasMourirIdiotTests" */ = {
			isa = XCConfigurationList;
			buildConfigurations = (
				7F78D0381AAB9C8C0048D7F0 /* Debug */,
				7F78D0391AAB9C8C0048D7F0 /* Release */,
			);
			defaultConfigurationIsVisible = 0;
			defaultConfigurationName = Release;
		};
/* End XCConfigurationList section */
	};
	rootObject = 7F78D00B1AAB9C8C0048D7F0 /* Project object */;
}
